
Microsoft Visual Studio Solution File, Format Version 12.00
Project("{FAE04EC0-301F-11D3-BF4B-00C04F79EFBC}") = "DumperTruck", "DumperTruck\DumperTruck.csproj", "{765B8C2D-DD38-42A1-8318-F77A2961B710}"
EndProject
Global
	GlobalSection(SolutionConfigurationPlatforms) = preSolution
		Debug|Any CPU = Debug|Any CPU
		Release|Any CPU = Release|Any CPU
	EndGlobalSection
	GlobalSection(ProjectConfigurationPlatforms) = postSolution
		{765B8C2D-DD38-42A1-8318-F77A2961B710}.Debug|Any CPU.ActiveCfg = Debug|Any CPU
		{765B8C2D-DD38-42A1-8318-F77A2961B710}.Debug|Any CPU.Build.0 = Debug|Any CPU
		{765B8C2D-DD38-42A1-8318-F77A2961B710}.Release|Any CPU.ActiveCfg = Release|Any CPU
		{765B8C2D-DD38-42A1-8318-F77A2961B710}.Release|Any CPU.Build.0 = Release|Any CPU
	EndGlobalSection
EndGlobal
